
Microsoft Visual Studio Solution File, Format Version 12.00
# Visual Studio Version 17
VisualStudioVersion = 17.14.36414.22
MinimumVisualStudioVersion = 10.0.40219.1
Project("{FAE04EC0-301F-11D3-BF4B-00C04F79EFBC}") = "AssetManagement.Domain", "AssetManagement.Domain\AssetManagement.Domain.csproj", "{958CE1B8-617E-4300-AFDF-6940235B3F76}"
EndProject
Project("{FAE04EC0-301F-11D3-BF4B-00C04F79EFBC}") = "AssetManagement.Application", "AssetManagement.Application\AssetManagement.Application.csproj", "{6AD170CE-C2B8-4EFE-B38D-444BCE0AE1DA}"
EndProject
Project("{FAE04EC0-301F-11D3-BF4B-00C04F79EFBC}") = "AssetManagement.Infrastructure", "AssetManagement.Infrastructure\AssetManagement.Infrastructure.csproj", "{87EAADBA-E984-4D95-BE72-1BCE8C1DF9D3}"
EndProject
Project("{FAE04EC0-301F-11D3-BF4B-00C04F79EFBC}") = "AssetManagement.Api", "AssetManagement.Api\AssetManagement.Api.csproj", "{DFACC5BA-758D-4CAC-BA42-90A612B2008F}"
EndProject
Project("{FAE04EC0-301F-11D3-BF4B-00C04F79EFBC}") = "AssetManagement.Blazor", "AssetManagement.Blazor\AssetManagement.Blazor.csproj", "{DC15BFAF-870E-49D0-8DE8-62874E4E0AF8}"
EndProject
Project("{FAE04EC0-301F-11D3-BF4B-00C04F79EFBC}") = "AssetManagement.Tests", "AssetManagement.Tests\AssetManagement.Tests.csproj", "{B3D3C3A6-F1AB-4756-BE5D-93A3AE4D49EF}"
EndProject
Global
	GlobalSection(SolutionConfigurationPlatforms) = preSolution
		Debug|Any CPU = Debug|Any CPU
		Debug|x64 = Debug|x64
		Debug|x86 = Debug|x86
		Release|Any CPU = Release|Any CPU
		Release|x64 = Release|x64
		Release|x86 = Release|x86
	EndGlobalSection
	GlobalSection(ProjectConfigurationPlatforms) = postSolution
		{958CE1B8-617E-4300-AFDF-6940235B3F76}.Debug|Any CPU.ActiveCfg = Debug|Any CPU
		{958CE1B8-617E-4300-AFDF-6940235B3F76}.Debug|Any CPU.Build.0 = Debug|Any CPU
		{958CE1B8-617E-4300-AFDF-6940235B3F76}.Debug|x64.ActiveCfg = Debug|Any CPU
		{958CE1B8-617E-4300-AFDF-6940235B3F76}.Debug|x64.Build.0 = Debug|Any CPU
		{958CE1B8-617E-4300-AFDF-6940235B3F76}.Debug|x86.ActiveCfg = Debug|Any CPU
		{958CE1B8-617E-4300-AFDF-6940235B3F76}.Debug|x86.Build.0 = Debug|Any CPU
		{958CE1B8-617E-4300-AFDF-6940235B3F76}.Release|Any CPU.ActiveCfg = Release|Any CPU
		{958CE1B8-617E-4300-AFDF-6940235B3F76}.Release|Any CPU.Build.0 = Release|Any CPU
		{958CE1B8-617E-4300-AFDF-6940235B3F76}.Release|x64.ActiveCfg = Release|Any CPU
		{958CE1B8-617E-4300-AFDF-6940235B3F76}.Release|x64.Build.0 = Release|Any CPU
		{958CE1B8-617E-4300-AFDF-6940235B3F76}.Release|x86.ActiveCfg = Release|Any CPU
		{958CE1B8-617E-4300-AFDF-6940235B3F76}.Release|x86.Build.0 = Release|Any CPU
		{6AD170CE-C2B8-4EFE-B38D-444BCE0AE1DA}.Debug|Any CPU.ActiveCfg = Debug|Any CPU
		{6AD170CE-C2B8-4EFE-B38D-444BCE0AE1DA}.Debug|Any CPU.Build.0 = Debug|Any CPU
		{6AD170CE-C2B8-4EFE-B38D-444BCE0AE1DA}.Debug|x64.ActiveCfg = Debug|Any CPU
		{6AD170CE-C2B8-4EFE-B38D-444BCE0AE1DA}.Debug|x64.Build.0 = Debug|Any CPU
		{6AD170CE-C2B8-4EFE-B38D-444BCE0AE1DA}.Debug|x86.ActiveCfg = Debug|Any CPU
		{6AD170CE-C2B8-4EFE-B38D-444BCE0AE1DA}.Debug|x86.Build.0 = Debug|Any CPU
		{6AD170CE-C2B8-4EFE-B38D-444BCE0AE1DA}.Release|Any CPU.ActiveCfg = Release|Any CPU
		{6AD170CE-C2B8-4EFE-B38D-444BCE0AE1DA}.Release|Any CPU.Build.0 = Release|Any CPU
		{6AD170CE-C2B8-4EFE-B38D-444BCE0AE1DA}.Release|x64.ActiveCfg = Release|Any CPU
		{6AD170CE-C2B8-4EFE-B38D-444BCE0AE1DA}.Release|x64.Build.0 = Release|Any CPU
		{6AD170CE-C2B8-4EFE-B38D-444BCE0AE1DA}.Release|x86.ActiveCfg = Release|Any CPU
		{6AD170CE-C2B8-4EFE-B38D-444BCE0AE1DA}.Release|x86.Build.0 = Release|Any CPU
		{87EAADBA-E984-4D95-BE72-1BCE8C1DF9D3}.Debug|Any CPU.ActiveCfg = Debug|Any CPU
		{87EAADBA-E984-4D95-BE72-1BCE8C1DF9D3}.Debug|Any CPU.Build.0 = Debug|Any CPU
		{87EAADBA-E984-4D95-BE72-1BCE8C1DF9D3}.Debug|x64.ActiveCfg = Debug|Any CPU
		{87EAADBA-E984-4D95-BE72-1BCE8C1DF9D3}.Debug|x64.Build.0 = Debug|Any CPU
		{87EAADBA-E984-4D95-BE72-1BCE8C1DF9D3}.Debug|x86.ActiveCfg = Debug|Any CPU
		{87EAADBA-E984-4D95-BE72-1BCE8C1DF9D3}.Debug|x86.Build.0 = Debug|Any CPU
		{87EAADBA-E984-4D95-BE72-1BCE8C1DF9D3}.Release|Any CPU.ActiveCfg = Release|Any CPU
		{87EAADBA-E984-4D95-BE72-1BCE8C1DF9D3}.Release|Any CPU.Build.0 = Release|Any CPU
		{87EAADBA-E984-4D95-BE72-1BCE8C1DF9D3}.Release|x64.ActiveCfg = Release|Any CPU
		{87EAADBA-E984-4D95-BE72-1BCE8C1DF9D3}.Release|x64.Build.0 = Release|Any CPU
		{87EAADBA-E984-4D95-BE72-1BCE8C1DF9D3}.Release|x86.ActiveCfg = Release|Any CPU
		{87EAADBA-E984-4D95-BE72-1BCE8C1DF9D3}.Release|x86.Build.0 = Release|Any CPU
		{DFACC5BA-758D-4CAC-BA42-90A612B2008F}.Debug|Any CPU.ActiveCfg = Debug|Any CPU
		{DFACC5BA-758D-4CAC-BA42-90A612B2008F}.Debug|Any CPU.Build.0 = Debug|Any CPU
		{DFACC5BA-758D-4CAC-BA42-90A612B2008F}.Debug|x64.ActiveCfg = Debug|Any CPU
		{DFACC5BA-758D-4CAC-BA42-90A612B2008F}.Debug|x64.Build.0 = Debug|Any CPU
		{DFACC5BA-758D-4CAC-BA42-90A612B2008F}.Debug|x86.ActiveCfg = Debug|Any CPU
		{DFACC5BA-758D-4CAC-BA42-90A612B2008F}.Debug|x86.Build.0 = Debug|Any CPU
		{DFACC5BA-758D-4CAC-BA42-90A612B2008F}.Release|Any CPU.ActiveCfg = Release|Any CPU
		{DFACC5BA-758D-4CAC-BA42-90A612B2008F}.Release|Any CPU.Build.0 = Release|Any CPU
		{DFACC5BA-758D-4CAC-BA42-90A612B2008F}.Release|x64.ActiveCfg = Release|Any CPU
		{DFACC5BA-758D-4CAC-BA42-90A612B2008F}.Release|x64.Build.0 = Release|Any CPU
		{DFACC5BA-758D-4CAC-BA42-90A612B2008F}.Release|x86.ActiveCfg = Release|Any CPU
		{DFACC5BA-758D-4CAC-BA42-90A612B2008F}.Release|x86.Build.0 = Release|Any CPU
		{DC15BFAF-870E-49D0-8DE8-62874E4E0AF8}.Debug|Any CPU.ActiveCfg = Debug|Any CPU
		{DC15BFAF-870E-49D0-8DE8-62874E4E0AF8}.Debug|Any CPU.Build.0 = Debug|Any CPU
		{DC15BFAF-870E-49D0-8DE8-62874E4E0AF8}.Debug|x64.ActiveCfg = Debug|Any CPU
		{DC15BFAF-870E-49D0-8DE8-62874E4E0AF8}.Debug|x64.Build.0 = Debug|Any CPU
		{DC15BFAF-870E-49D0-8DE8-62874E4E0AF8}.Debug|x86.ActiveCfg = Debug|Any CPU
		{DC15BFAF-870E-49D0-8DE8-62874E4E0AF8}.Debug|x86.Build.0 = Debug|Any CPU
		{DC15BFAF-870E-49D0-8DE8-62874E4E0AF8}.Release|Any CPU.ActiveCfg = Release|Any CPU
		{DC15BFAF-870E-49D0-8DE8-62874E4E0AF8}.Release|Any CPU.Build.0 = Release|Any CPU
		{DC15BFAF-870E-49D0-8DE8-62874E4E0AF8}.Release|x64.ActiveCfg = Release|Any CPU
		{DC15BFAF-870E-49D0-8DE8-62874E4E0AF8}.Release|x64.Build.0 = Release|Any CPU
		{DC15BFAF-870E-49D0-8DE8-62874E4E0AF8}.Release|x86.ActiveCfg = Release|Any CPU
		{DC15BFAF-870E-49D0-8DE8-62874E4E0AF8}.Release|x86.Build.0 = Release|Any CPU
		{B3D3C3A6-F1AB-4756-BE5D-93A3AE4D49EF}.Debug|Any CPU.ActiveCfg = Debug|Any CPU
		{B3D3C3A6-F1AB-4756-BE5D-93A3AE4D49EF}.Debug|Any CPU.Build.0 = Debug|Any CPU
		{B3D3C3A6-F1AB-4756-BE5D-93A3AE4D49EF}.Debug|x64.ActiveCfg = Debug|Any CPU
		{B3D3C3A6-F1AB-4756-BE5D-93A3AE4D49EF}.Debug|x64.Build.0 = Debug|Any CPU
		{B3D3C3A6-F1AB-4756-BE5D-93A3AE4D49EF}.Debug|x86.ActiveCfg = Debug|Any CPU
		{B3D3C3A6-F1AB-4756-BE5D-93A3AE4D49EF}.Debug|x86.Build.0 = Debug|Any CPU
		{B3D3C3A6-F1AB-4756-BE5D-93A3AE4D49EF}.Release|Any CPU.ActiveCfg = Release|Any CPU
		{B3D3C3A6-F1AB-4756-BE5D-93A3AE4D49EF}.Release|Any CPU.Build.0 = Release|Any CPU
		{B3D3C3A6-F1AB-4756-BE5D-93A3AE4D49EF}.Release|x64.ActiveCfg = Release|Any CPU
		{B3D3C3A6-F1AB-4756-BE5D-93A3AE4D49EF}.Release|x64.Build.0 = Release|Any CPU
		{B3D3C3A6-F1AB-4756-BE5D-93A3AE4D49EF}.Release|x86.ActiveCfg = Release|Any CPU
		{B3D3C3A6-F1AB-4756-BE5D-93A3AE4D49EF}.Release|x86.Build.0 = Release|Any CPU
	EndGlobalSection
	GlobalSection(SolutionProperties) = preSolution
		HideSolutionNode = FALSE
	EndGlobalSection
	GlobalSection(ExtensibilityGlobals) = postSolution
		SolutionGuid = {E759972F-0942-4852-AA15-FCFD61FF32F1}
	EndGlobalSection
EndGlobal
